
Microsoft Visual Studio Solution File, Format Version 12.00
# Visual Studio Version 16
VisualStudioVersion = 16.0.29020.237
MinimumVisualStudioVersion = 10.0.40219.1
Project("{FAE04EC0-301F-11D3-BF4B-00C04F79EFBC}") = "HotelSystem", "HotelSystem\HotelSystem.csproj", "{7E7565C1-A956-4704-AC05-99EE6B62CF12}"
EndProject
Global
	GlobalSection(SolutionConfigurationPlatforms) = preSolution
		Debug|Any CPU = Debug|Any CPU
		Release|Any CPU = Release|Any CPU
	EndGlobalSection
	GlobalSection(ProjectConfigurationPlatforms) = postSolution
		{7E7565C1-A956-4704-AC05-99EE6B62CF12}.Debug|Any CPU.ActiveCfg = Debug|Any CPU
		{7E7565C1-A956-4704-AC05-99EE6B62CF12}.Debug|Any CPU.Build.0 = Debug|Any CPU
		{7E7565C1-A956-4704-AC05-99EE6B62CF12}.Release|Any CPU.ActiveCfg = Release|Any CPU
		{7E7565C1-A956-4704-AC05-99EE6B62CF12}.Release|Any CPU.Build.0 = Release|Any CPU
	EndGlobalSection
	GlobalSection(SolutionProperties) = preSolution
		HideSolutionNode = FALSE
	EndGlobalSection
	GlobalSection(ExtensibilityGlobals) = postSolution
		SolutionGuid = {E0895CAD-F40A-49D0-A0A5-BE4EB0EE543E}
	EndGlobalSection
EndGlobal
